{
  "nodes": {
    "flake-parts": {
      "inputs": {
        "nixpkgs-lib": [
          "root",
          "nixpkgs"
        ]
      },
      "locked": {
        "lastModified": 1775087534,
        "narHash": "sha256-91qqW8lhL7TLwgQWijoGBbiD4t7/q75KTi8NxjVmSmA=",
        "owner": "hercules-ci",
        "repo": "flake-parts",
        "rev": "3107b77cd68437b9a76194f0f7f9c55f2329ca5b",
        "type": "github"
      },
      "original": {
        "owner": "hercules-ci",
        "repo": "flake-parts",
        "type": "github"
      }
    },
    "git-hooks-nix": {
      "inputs": {
        "flake-compat": [],
        "gitignore": [],
        "nixpkgs": [
          "nixpkgs"
        ]
      },
      "locked": {
        "lastModified": 1775036584,
        "narHash": "sha256-zW0lyy7ZNNT/x8JhzFHBsP2IPx7ATZIPai4FJj12BgU=",
        "owner": "cachix",
        "repo": "git-hooks.nix",
        "rev": "4e0eb042b67d863b1b34b3f64d52ceb9cd926735",
        "type": "github"
      },
      "original": {
        "owner": "cachix",
        "repo": "git-hooks.nix",
        "type": "github"
      }
    },
    "nixpkgs": {
      "locked": {
        "lastModified": 1775036866,
        "narHash": "sha256-ZojAnPuCdy657PbTq5V0Y+AHKhZAIwSIT2cb8UgAz/U=",
        "owner": "nixos",
        "repo": "nixpkgs",
        "rev": "6201e203d09599479a3b3450ed24fa81537ebc4e",
        "type": "github"
      },
      "original": {
        "owner": "nixos",
        "ref": "nixos-unstable",
        "repo": "nixpkgs",
        "type": "github"
      }
    },
    "nixpkgs-master": {
      "locked": {
        "lastModified": 1775421776,
        "narHash": "sha256-N6EZjiMQqMX1oxqO/3/97oRRV0mgFwTh1TH6BylugdM=",
        "owner": "nixos",
        "repo": "nixpkgs",
        "rev": "a92154dd8a16157cf2c961a94254dbf2e39a02c4",
        "type": "github"
      },
      "original": {
        "owner": "nixos",
        "repo": "nixpkgs",
        "type": "github"
      }
    },
    "root": {
      "inputs": {
        "git-hooks-nix": "git-hooks-nix",
        "nixpkgs": [
          "root",
          "nixpkgs"
        ],
        "root": "root_2",
        "treefmt-nix": "treefmt-nix"
      }
    },
    "root_2": {
      "inputs": {
        "flake-parts": "flake-parts",
        "neovim-nightly-overlay": [],
        "nixpkgs": "nixpkgs",
        "nixpkgs-master": "nixpkgs-master",
        "nixvim": [],
        "pkgs-by-name-for-flake-parts": []
      },
      "locked": {
        "path": "../../",
        "type": "path"
      },
      "original": {
        "path": "../../",
        "type": "path"
      },
      "parent": []
    },
    "treefmt-nix": {
      "inputs": {
        "nixpkgs": [
          "nixpkgs"
        ]
      },
      "locked": {
        "lastModified": 1775125835,
        "narHash": "sha256-2qYcPgzFhnQWchHo0SlqLHrXpux5i6ay6UHA+v2iH4U=",
        "owner": "numtide",
        "repo": "treefmt-nix",
        "rev": "75925962939880974e3ab417879daffcba36c4a3",
        "type": "github"
      },
      "original": {
        "owner": "numtide",
        "repo": "treefmt-nix",
        "type": "github"
      }
    }
  },
  "root": "root",
  "version": 7
}
